
Microsoft Visual Studio Solution File, Format Version 12.00
Project("{2150E333-8FDC-42A3-9474-1A3956D46DE8}") = "src", "src", "{13658EDF-0C78-4D2A-8E4F-63A97D221D89}"
EndProject
Project("{2150E333-8FDC-42A3-9474-1A3956D46DE8}") = "scripts", "scripts", "{1C777666-34D5-40A7-B69D-F6B02ECE518D}"
EndProject
Project("{2150E333-8FDC-42A3-9474-1A3956D46DE8}") = "db_scripts", "db_scripts", "{24E7613F-DF1E-424A-9B09-BE6A775B06C7}"
EndProject
Project("{2150E333-8FDC-42A3-9474-1A3956D46DE8}") = "tests", "tests", "{4D9B9274-FFE3-4D87-A938-D02263ED36B8}"
EndProject
Project("{2150E333-8FDC-42A3-9474-1A3956D46DE8}") = "ci", "ci", "{30E198FF-469F-4DEA-96CA-5E9B27645877}"
EndProject
Project("{2150E333-8FDC-42A3-9474-1A3956D46DE8}") = "docs", "docs", "{4ACDB2BA-576C-47E4-92CF-08C7003C2758}"
EndProject
Project("{2150E333-8FDC-42A3-9474-1A3956D46DE8}") = "assets", "assets", "{A091AEAD-0570-4605-BA10-44FF3369D9F9}"
EndProject
Project("{2150E333-8FDC-42A3-9474-1A3956D46DE8}") = "Domain", "Domain", "{C3EE009A-9C4C-45F8-B1D5-BF965AE002E8}"
EndProject
Project("{2150E333-8FDC-42A3-9474-1A3956D46DE8}") = "Infrastucture", "Infrastucture", "{D273705E-FE67-420C-95E3-7F28E0C3D647}"
EndProject
Project("{2150E333-8FDC-42A3-9474-1A3956D46DE8}") = "Application", "Application", "{22A8CE77-E4B5-45AD-A91A-D074CB13D75A}"
EndProject
Project("{FAE04EC0-301F-11D3-BF4B-00C04F79EFBC}") = "Conteque.Fincare.Application", "src\Application\Conteque.Fincare.Application.csproj", "{0F6F19AE-971E-494C-8717-C0E390CB0BE3}"
EndProject
Project("{FAE04EC0-301F-11D3-BF4B-00C04F79EFBC}") = "Conteque.Fincare.Domain", "src\Domain\Conteque.Fincare.Domain.csproj", "{CB3FE2F0-7015-4DE1-83D9-8E1F106101B3}"
EndProject
Project("{FAE04EC0-301F-11D3-BF4B-00C04F79EFBC}") = "Conteque.Fincate.Infrastructure", "src\Infrastructure\Conteque.Fincate.Infrastructure.csproj", "{DABBD627-C22D-4E44-A344-5C5AC6AD3F01}"
EndProject
Project("{FAE04EC0-301F-11D3-BF4B-00C04F79EFBC}") = "Conteque.Liberey.ArchTests", "tests\ArchTests\Conteque.Liberey.ArchTests.csproj", "{C79F499E-B0AE-4593-872A-CBB2091F1EB5}"
EndProject
Project("{FAE04EC0-301F-11D3-BF4B-00C04F79EFBC}") = "Conteque.Liberey.IntegrationTests", "tests\IntegrationTests\Conteque.Liberey.IntegrationTests.csproj", "{13CC84B4-51D9-4244-AA7F-2C72A7381D57}"
EndProject
Project("{FAE04EC0-301F-11D3-BF4B-00C04F79EFBC}") = "Conteque.Liberey.UnitTests", "tests\UnitTests\Conteque.Liberey.UnitTests.csproj", "{B006852D-399B-4A24-9757-B71B363371B7}"
EndProject
Project("{2150E333-8FDC-42A3-9474-1A3956D46DE8}") = "github", "github", "{479687F9-0BEF-4C05-A335-EAE69990F870}"
ProjectSection(SolutionItems) = preProject
	.github\workflows\aspnetcore.yaml = .github\workflows\aspnetcore.yaml
EndProjectSection
EndProject
Global
	GlobalSection(SolutionConfigurationPlatforms) = preSolution
		Debug|Any CPU = Debug|Any CPU
		Release|Any CPU = Release|Any CPU
	EndGlobalSection
	GlobalSection(NestedProjects) = preSolution
		{C3EE009A-9C4C-45F8-B1D5-BF965AE002E8} = {13658EDF-0C78-4D2A-8E4F-63A97D221D89}
		{D273705E-FE67-420C-95E3-7F28E0C3D647} = {13658EDF-0C78-4D2A-8E4F-63A97D221D89}
		{22A8CE77-E4B5-45AD-A91A-D074CB13D75A} = {13658EDF-0C78-4D2A-8E4F-63A97D221D89}
		{0F6F19AE-971E-494C-8717-C0E390CB0BE3} = {22A8CE77-E4B5-45AD-A91A-D074CB13D75A}
		{CB3FE2F0-7015-4DE1-83D9-8E1F106101B3} = {C3EE009A-9C4C-45F8-B1D5-BF965AE002E8}
		{DABBD627-C22D-4E44-A344-5C5AC6AD3F01} = {D273705E-FE67-420C-95E3-7F28E0C3D647}
		{C79F499E-B0AE-4593-872A-CBB2091F1EB5} = {4D9B9274-FFE3-4D87-A938-D02263ED36B8}
		{13CC84B4-51D9-4244-AA7F-2C72A7381D57} = {4D9B9274-FFE3-4D87-A938-D02263ED36B8}
		{B006852D-399B-4A24-9757-B71B363371B7} = {4D9B9274-FFE3-4D87-A938-D02263ED36B8}
		{479687F9-0BEF-4C05-A335-EAE69990F870} = {30E198FF-469F-4DEA-96CA-5E9B27645877}
	EndGlobalSection
	GlobalSection(ProjectConfigurationPlatforms) = postSolution
		{0F6F19AE-971E-494C-8717-C0E390CB0BE3}.Debug|Any CPU.ActiveCfg = Debug|Any CPU
		{0F6F19AE-971E-494C-8717-C0E390CB0BE3}.Debug|Any CPU.Build.0 = Debug|Any CPU
		{0F6F19AE-971E-494C-8717-C0E390CB0BE3}.Release|Any CPU.ActiveCfg = Release|Any CPU
		{0F6F19AE-971E-494C-8717-C0E390CB0BE3}.Release|Any CPU.Build.0 = Release|Any CPU
		{CB3FE2F0-7015-4DE1-83D9-8E1F106101B3}.Debug|Any CPU.ActiveCfg = Debug|Any CPU
		{CB3FE2F0-7015-4DE1-83D9-8E1F106101B3}.Debug|Any CPU.Build.0 = Debug|Any CPU
		{CB3FE2F0-7015-4DE1-83D9-8E1F106101B3}.Release|Any CPU.ActiveCfg = Release|Any CPU
		{CB3FE2F0-7015-4DE1-83D9-8E1F106101B3}.Release|Any CPU.Build.0 = Release|Any CPU
		{DABBD627-C22D-4E44-A344-5C5AC6AD3F01}.Debug|Any CPU.ActiveCfg = Debug|Any CPU
		{DABBD627-C22D-4E44-A344-5C5AC6AD3F01}.Debug|Any CPU.Build.0 = Debug|Any CPU
		{DABBD627-C22D-4E44-A344-5C5AC6AD3F01}.Release|Any CPU.ActiveCfg = Release|Any CPU
		{DABBD627-C22D-4E44-A344-5C5AC6AD3F01}.Release|Any CPU.Build.0 = Release|Any CPU
		{C79F499E-B0AE-4593-872A-CBB2091F1EB5}.Debug|Any CPU.ActiveCfg = Debug|Any CPU
		{C79F499E-B0AE-4593-872A-CBB2091F1EB5}.Debug|Any CPU.Build.0 = Debug|Any CPU
		{C79F499E-B0AE-4593-872A-CBB2091F1EB5}.Release|Any CPU.ActiveCfg = Release|Any CPU
		{C79F499E-B0AE-4593-872A-CBB2091F1EB5}.Release|Any CPU.Build.0 = Release|Any CPU
		{13CC84B4-51D9-4244-AA7F-2C72A7381D57}.Debug|Any CPU.ActiveCfg = Debug|Any CPU
		{13CC84B4-51D9-4244-AA7F-2C72A7381D57}.Debug|Any CPU.Build.0 = Debug|Any CPU
		{13CC84B4-51D9-4244-AA7F-2C72A7381D57}.Release|Any CPU.ActiveCfg = Release|Any CPU
		{13CC84B4-51D9-4244-AA7F-2C72A7381D57}.Release|Any CPU.Build.0 = Release|Any CPU
		{B006852D-399B-4A24-9757-B71B363371B7}.Debug|Any CPU.ActiveCfg = Debug|Any CPU
		{B006852D-399B-4A24-9757-B71B363371B7}.Debug|Any CPU.Build.0 = Debug|Any CPU
		{B006852D-399B-4A24-9757-B71B363371B7}.Release|Any CPU.ActiveCfg = Release|Any CPU
		{B006852D-399B-4A24-9757-B71B363371B7}.Release|Any CPU.Build.0 = Release|Any CPU
	EndGlobalSection
EndGlobal
